# @generated by Move, please check-in and do not edit manually.

[move]
version = 0
manifest_digest = "E7E149C34150A6B015F30719F461E64C0E45BBAA0EF3FDB480CEDCBB0CE4B469"
deps_digest = "3C4103934B1E040BB6B23F1D610B4EF9F2F1166A50A104EADCF77467C004C600"

dependencies = [
  { name = "Sui" },
  { name = "asset_tokenization" },
]

[[move.package]]
name = "MoveStdlib"
source = { git = "https://github.com/MystenLabs/sui.git", rev = "framework/testnet", subdir = "crates/sui-framework/packages/move-stdlib" }

[[move.package]]
name = "Sui"
source = { git = "https://github.com/MystenLabs/sui.git", rev = "framework/testnet", subdir = "crates/sui-framework/packages/sui-framework" }

dependencies = [
  { name = "MoveStdlib" },
]

[[move.package]]
name = "asset_tokenization"
source = { local = "../asset_tokenization" }

dependencies = [
  { name = "Sui" },
]
