# @generated by Move, please check-in and do not edit manually.

[move]
version = 0
manifest_digest = "58E4E77795D2A1710B47623BD2CE2E34224F047ABC2981F91A4A8B6879D1B442"
deps_digest = "3C4103934B1E040BB6B23F1D610B4EF9F2F1166A50A104EADCF77467C004C600"

dependencies = [
  { name = "Sui" },
  { name = "asset_tokenization" },
]

[[move.package]]
name = "MoveStdlib"
source = { git = "https://github.com/MystenLabs/sui.git", rev = "20cf9113d", subdir = "crates/sui-framework/packages/move-stdlib" }

[[move.package]]
name = "Sui"
source = { git = "https://github.com/MystenLabs/sui.git", rev = "20cf9113d", subdir = "crates/sui-framework/packages/sui-framework" }

dependencies = [
  { name = "MoveStdlib" },
]

[[move.package]]
name = "asset_tokenization"
source = { local = "../asset-tokenization" }

dependencies = [
  { name = "Sui" },
]
